
Microsoft Visual Studio Solution File, Format Version 12.00
# Visual Studio 15
VisualStudioVersion = 15.0.27130.2026
MinimumVisualStudioVersion = 10.0.40219.1
Project("{FAE04EC0-301F-11D3-BF4B-00C04F79EFBC}") = "ConsoleApp69", "ConsoleApp69\ConsoleApp69.csproj", "{5290F71E-0D48-41E9-A83E-2270A17F5529}"
EndProject
Global
	GlobalSection(SolutionConfigurationPlatforms) = preSolution
		Debug|Any CPU = Debug|Any CPU
		Release|Any CPU = Release|Any CPU
	EndGlobalSection
	GlobalSection(ProjectConfigurationPlatforms) = postSolution
		{5290F71E-0D48-41E9-A83E-2270A17F5529}.Debug|Any CPU.ActiveCfg = Debug|Any CPU
		{5290F71E-0D48-41E9-A83E-2270A17F5529}.Debug|Any CPU.Build.0 = Debug|Any CPU
		{5290F71E-0D48-41E9-A83E-2270A17F5529}.Release|Any CPU.ActiveCfg = Release|Any CPU
		{5290F71E-0D48-41E9-A83E-2270A17F5529}.Release|Any CPU.Build.0 = Release|Any CPU
	EndGlobalSection
	GlobalSection(SolutionProperties) = preSolution
		HideSolutionNode = FALSE
	EndGlobalSection
	GlobalSection(ExtensibilityGlobals) = postSolution
		SolutionGuid = {E959EA76-8F2A-4222-86CF-7393F850A717}
	EndGlobalSection
EndGlobal
